
Microsoft Visual Studio Solution File, Format Version 12.00
# Visual Studio Version 17
VisualStudioVersion = 17.0.32014.148
MinimumVisualStudioVersion = 10.0.40219.1
Project("{FAE04EC0-301F-11D3-BF4B-00C04F79EFBC}") = "AccessProyectoBueno", "AccessProyectoBueno\AccessProyectoBueno.csproj", "{9781A92C-C7A6-4A5F-8F1C-00081D833F2B}"
EndProject
Global
	GlobalSection(SolutionConfigurationPlatforms) = preSolution
		Debug|Any CPU = Debug|Any CPU
		Release|Any CPU = Release|Any CPU
	EndGlobalSection
	GlobalSection(ProjectConfigurationPlatforms) = postSolution
		{9781A92C-C7A6-4A5F-8F1C-00081D833F2B}.Debug|Any CPU.ActiveCfg = Debug|Any CPU
		{9781A92C-C7A6-4A5F-8F1C-00081D833F2B}.Debug|Any CPU.Build.0 = Debug|Any CPU
		{9781A92C-C7A6-4A5F-8F1C-00081D833F2B}.Release|Any CPU.ActiveCfg = Release|Any CPU
		{9781A92C-C7A6-4A5F-8F1C-00081D833F2B}.Release|Any CPU.Build.0 = Release|Any CPU
	EndGlobalSection
	GlobalSection(SolutionProperties) = preSolution
		HideSolutionNode = FALSE
	EndGlobalSection
	GlobalSection(ExtensibilityGlobals) = postSolution
		SolutionGuid = {F5E6301B-F16F-415A-9500-89C1AA9979CE}
	EndGlobalSection
EndGlobal
